// !$*UTF8*$!
{
	archiveVersion = 1;
	classes = {
	};
	objectVersion = 56;
	objects = {

/* Begin PBXBuildFile section */
		03615BDE2A1D866000141A88 /* GoogleService-Info.plist in Resources */ = {isa = PBXBuildFile; fileRef = 03615BDD2A1D866000141A88 /* GoogleService-Info.plist */; };
		038630A62A1C1824004BD44F /* RepairMate_custLoginApp.swift in Sources */ = {isa = PBXBuildFile; fileRef = 038630A52A1C1824004BD44F /* RepairMate_custLoginApp.swift */; };
		038630A82A1C1824004BD44F /* ContentView.swift in Sources */ = {isa = PBXBuildFile; fileRef = 038630A72A1C1824004BD44F /* ContentView.swift */; };
		038630AA2A1C1825004BD44F /* Assets.xcassets in Resources */ = {isa = PBXBuildFile; fileRef = 038630A92A1C1825004BD44F /* Assets.xcassets */; };
		038630AD2A1C1825004BD44F /* Preview Assets.xcassets in Resources */ = {isa = PBXBuildFile; fileRef = 038630AC2A1C1825004BD44F /* Preview Assets.xcassets */; };
		038630B72A1C4861004BD44F /* LoginView.swift in Sources */ = {isa = PBXBuildFile; fileRef = 038630B62A1C4861004BD44F /* LoginView.swift */; };
		038630BB2A1C65DC004BD44F /* String.swift in Sources */ = {isa = PBXBuildFile; fileRef = 038630BA2A1C65DC004BD44F /* String.swift */; };
		038630BD2A1D792E004BD44F /* SignUpView.swift in Sources */ = {isa = PBXBuildFile; fileRef = 038630BC2A1D792E004BD44F /* SignUpView.swift */; };
		038630BF2A1D7AA9004BD44F /* AuthView.swift in Sources */ = {isa = PBXBuildFile; fileRef = 038630BE2A1D7AA9004BD44F /* AuthView.swift */; };
		038630C42A1D7F10004BD44F /* FirebaseAuth in Frameworks */ = {isa = PBXBuildFile; productRef = 038630C32A1D7F10004BD44F /* FirebaseAuth */; };
		038630C62A1D7F10004BD44F /* FirebaseFirestore in Frameworks */ = {isa = PBXBuildFile; productRef = 038630C52A1D7F10004BD44F /* FirebaseFirestore */; };
/* End PBXBuildFile section */

/* Begin PBXFileReference section */
		03615BDD2A1D866000141A88 /* GoogleService-Info.plist */ = {isa = PBXFileReference; fileEncoding = 4; lastKnownFileType = text.plist.xml; path = "GoogleService-Info.plist"; sourceTree = "<group>"; };
		038630A22A1C1824004BD44F /* RepairMate_custLogin.app */ = {isa = PBXFileReference; explicitFileType = wrapper.application; includeInIndex = 0; path = RepairMate_custLogin.app; sourceTree = BUILT_PRODUCTS_DIR; };
		038630A52A1C1824004BD44F /* RepairMate_custLoginApp.swift */ = {isa = PBXFileReference; lastKnownFileType = sourcecode.swift; path = RepairMate_custLoginApp.swift; sourceTree = "<group>"; };
		038630A72A1C1824004BD44F /* ContentView.swift */ = {isa = PBXFileReference; lastKnownFileType = sourcecode.swift; path = ContentView.swift; sourceTree = "<group>"; };
		038630A92A1C1825004BD44F /* Assets.xcassets */ = {isa = PBXFileReference; lastKnownFileType = folder.assetcatalog; path = Assets.xcassets; sourceTree = "<group>"; };
		038630AC2A1C1825004BD44F /* Preview Assets.xcassets */ = {isa = PBXFileReference; lastKnownFileType = folder.assetcatalog; path = "Preview Assets.xcassets"; sourceTree = "<group>"; };
		038630B62A1C4861004BD44F /* LoginView.swift */ = {isa = PBXFileReference; lastKnownFileType = sourcecode.swift; path = LoginView.swift; sourceTree = "<group>"; };
		038630BA2A1C65DC004BD44F /* String.swift */ = {isa = PBXFileReference; lastKnownFileType = sourcecode.swift; path = String.swift; sourceTree = "<group>"; };
		038630BC2A1D792E004BD44F /* SignUpView.swift */ = {isa = PBXFileReference; lastKnownFileType = sourcecode.swift; path = SignUpView.swift; sourceTree = "<group>"; };
		038630BE2A1D7AA9004BD44F /* AuthView.swift */ = {isa = PBXFileReference; lastKnownFileType = sourcecode.swift; path = AuthView.swift; sourceTree = "<group>"; };
		03C47AEC2A1D8A1E0057ADFF /* RepairMate-custLogin-Info.plist */ = {isa = PBXFileReference; lastKnownFileType = text.plist; path = "RepairMate-custLogin-Info.plist"; sourceTree = SOURCE_ROOT; };
/* End PBXFileReference section */

/* Begin PBXFrameworksBuildPhase section */
		0386309F2A1C1824004BD44F /* Frameworks */ = {
			isa = PBXFrameworksBuildPhase;
			buildActionMask = 2147483647;
			files = (
				038630C42A1D7F10004BD44F /* FirebaseAuth in Frameworks */,
				038630C62A1D7F10004BD44F /* FirebaseFirestore in Frameworks */,
			);
			runOnlyForDeploymentPostprocessing = 0;
		};
/* End PBXFrameworksBuildPhase section */

/* Begin PBXGroup section */
		038630992A1C1824004BD44F = {
			isa = PBXGroup;
			children = (
				038630A42A1C1824004BD44F /* RepairMate_custLogin */,
				038630A32A1C1824004BD44F /* Products */,
			);
			sourceTree = "<group>";
		};
		038630A32A1C1824004BD44F /* Products */ = {
			isa = PBXGroup;
			children = (
				038630A22A1C1824004BD44F /* RepairMate_custLogin.app */,
			);
			name = Products;
			sourceTree = "<group>";
		};
		038630A42A1C1824004BD44F /* RepairMate_custLogin */ = {
			isa = PBXGroup;
			children = (
				03C47AEC2A1D8A1E0057ADFF /* RepairMate-custLogin-Info.plist */,
				03615BDD2A1D866000141A88 /* GoogleService-Info.plist */,
				038630B92A1C65C3004BD44F /* extensions */,
				038630B32A1C41DB004BD44F /* views */,
				038630A52A1C1824004BD44F /* RepairMate_custLoginApp.swift */,
				038630A72A1C1824004BD44F /* ContentView.swift */,
				038630A92A1C1825004BD44F /* Assets.xcassets */,
				038630AB2A1C1825004BD44F /* Preview Content */,
			);
			path = RepairMate_custLogin;
			sourceTree = "<group>";
		};
		038630AB2A1C1825004BD44F /* Preview Content */ = {
			isa = PBXGroup;
			children = (
				038630AC2A1C1825004BD44F /* Preview Assets.xcassets */,
			);
			path = "Preview Content";
			sourceTree = "<group>";
		};
		038630B32A1C41DB004BD44F /* views */ = {
			isa = PBXGroup;
			children = (
				038630B62A1C4861004BD44F /* LoginView.swift */,
				038630BC2A1D792E004BD44F /* SignUpView.swift */,
				038630BE2A1D7AA9004BD44F /* AuthView.swift */,
			);
			path = views;
			sourceTree = "<group>";
		};
		038630B92A1C65C3004BD44F /* extensions */ = {
			isa = PBXGroup;
			children = (
				038630BA2A1C65DC004BD44F /* String.swift */,
			);
			path = extensions;
			sourceTree = "<group>";
		};
/* End PBXGroup section */

/* Begin PBXNativeTarget section */
		038630A12A1C1824004BD44F /* RepairMate_custLogin */ = {
			isa = PBXNativeTarget;
			buildConfigurationList = 038630B02A1C1825004BD44F /* Build configuration list for PBXNativeTarget "RepairMate_custLogin" */;
			buildPhases = (
				0386309E2A1C1824004BD44F /* Sources */,
				0386309F2A1C1824004BD44F /* Frameworks */,
				038630A02A1C1824004BD44F /* Resources */,
			);
			buildRules = (
			);
			dependencies = (
			);
			name = RepairMate_custLogin;
			packageProductDependencies = (
				038630C32A1D7F10004BD44F /* FirebaseAuth */,
				038630C52A1D7F10004BD44F /* FirebaseFirestore */,
			);
			productName = RepairMate_custLogin;
			productReference = 038630A22A1C1824004BD44F /* RepairMate_custLogin.app */;
			productType = "com.apple.product-type.application";
		};
/* End PBXNativeTarget section */

/* Begin PBXProject section */
		0386309A2A1C1824004BD44F /* Project object */ = {
			isa = PBXProject;
			attributes = {
				BuildIndependentTargetsInParallel = 1;
				LastSwiftUpdateCheck = 1420;
				LastUpgradeCheck = 1420;
				TargetAttributes = {
					038630A12A1C1824004BD44F = {
						CreatedOnToolsVersion = 14.2;
					};
				};
			};
			buildConfigurationList = 0386309D2A1C1824004BD44F /* Build configuration list for PBXProject "RepairMate_custLogin" */;
			compatibilityVersion = "Xcode 14.0";
			developmentRegion = en;
			hasScannedForEncodings = 0;
			knownRegions = (
				en,
				Base,
			);
			mainGroup = 038630992A1C1824004BD44F;
			packageReferences = (
				038630C22A1D7F10004BD44F /* XCRemoteSwiftPackageReference "firebase-ios-sdk" */,
			);
			productRefGroup = 038630A32A1C1824004BD44F /* Products */;
			projectDirPath = "";
			projectRoot = "";
			targets = (
				038630A12A1C1824004BD44F /* RepairMate_custLogin */,
			);
		};
/* End PBXProject section */

/* Begin PBXResourcesBuildPhase section */
		038630A02A1C1824004BD44F /* Resources */ = {
			isa = PBXResourcesBuildPhase;
			buildActionMask = 2147483647;
			files = (
				038630AD2A1C1825004BD44F /* Preview Assets.xcassets in Resources */,
				038630AA2A1C1825004BD44F /* Assets.xcassets in Resources */,
				03615BDE2A1D866000141A88 /* GoogleService-Info.plist in Resources */,
			);
			runOnlyForDeploymentPostprocessing = 0;
		};
/* End PBXResourcesBuildPhase section */

/* Begin PBXSourcesBuildPhase section */
		0386309E2A1C1824004BD44F /* Sources */ = {
			isa = PBXSourcesBuildPhase;
			buildActionMask = 2147483647;
			files = (
				038630B72A1C4861004BD44F /* LoginView.swift in Sources */,
				038630BD2A1D792E004BD44F /* SignUpView.swift in Sources */,
				038630BF2A1D7AA9004BD44F /* AuthView.swift in Sources */,
				038630A82A1C1824004BD44F /* ContentView.swift in Sources */,
				038630BB2A1C65DC004BD44F /* String.swift in Sources */,
				038630A62A1C1824004BD44F /* RepairMate_custLoginApp.swift in Sources */,
			);
			runOnlyForDeploymentPostprocessing = 0;
		};
/* End PBXSourcesBuildPhase section */

/* Begin XCBuildConfiguration section */
		038630AE2A1C1825004BD44F /* Debug */ = {
			isa = XCBuildConfiguration;
			buildSettings = {
				ALWAYS_SEARCH_USER_PATHS = NO;
				CLANG_ANALYZER_NONNULL = YES;
				CLANG_ANALYZER_NUMBER_OBJECT_CONVERSION = YES_AGGRESSIVE;
				CLANG_CXX_LANGUAGE_STANDARD = "gnu++20";
				CLANG_ENABLE_MODULES = YES;
				CLANG_ENABLE_OBJC_ARC = YES;
				CLANG_ENABLE_OBJC_WEAK = YES;
				CLANG_WARN_BLOCK_CAPTURE_AUTORELEASING = YES;
				CLANG_WARN_BOOL_CONVERSION = YES;
				CLANG_WARN_COMMA = YES;
				CLANG_WARN_CONSTANT_CONVERSION = YES;
				CLANG_WARN_DEPRECATED_OBJC_IMPLEMENTATIONS = YES;
				CLANG_WARN_DIRECT_OBJC_ISA_USAGE = YES_ERROR;
				CLANG_WARN_DOCUMENTATION_COMMENTS = YES;
				CLANG_WARN_EMPTY_BODY = YES;
				CLANG_WARN_ENUM_CONVERSION = YES;
				CLANG_WARN_INFINITE_RECURSION = YES;
				CLANG_WARN_INT_CONVERSION = YES;
				CLANG_WARN_NON_LITERAL_NULL_CONVERSION = YES;
				CLANG_WARN_OBJC_IMPLICIT_RETAIN_SELF = YES;
				CLANG_WARN_OBJC_LITERAL_CONVERSION = YES;
				CLANG_WARN_OBJC_ROOT_CLASS = YES_ERROR;
				CLANG_WARN_QUOTED_INCLUDE_IN_FRAMEWORK_HEADER = YES;
				CLANG_WARN_RANGE_LOOP_ANALYSIS = YES;
				CLANG_WARN_STRICT_PROTOTYPES = YES;
				CLANG_WARN_SUSPICIOUS_MOVE = YES;
				CLANG_WARN_UNGUARDED_AVAILABILITY = YES_AGGRESSIVE;
				CLANG_WARN_UNREACHABLE_CODE = YES;
				CLANG_WARN__DUPLICATE_METHOD_MATCH = YES;
				COPY_PHASE_STRIP = NO;
				DEBUG_INFORMATION_FORMAT = dwarf;
				ENABLE_STRICT_OBJC_MSGSEND = YES;
				ENABLE_TESTABILITY = YES;
				GCC_C_LANGUAGE_STANDARD = gnu11;
				GCC_DYNAMIC_NO_PIC = NO;
				GCC_NO_COMMON_BLOCKS = YES;
				GCC_OPTIMIZATION_LEVEL = 0;
				GCC_PREPROCESSOR_DEFINITIONS = (
					"DEBUG=1",
					"$(inherited)",
				);
				GCC_WARN_64_TO_32_BIT_CONVERSION = YES;
				GCC_WARN_ABOUT_RETURN_TYPE = YES_ERROR;
				GCC_WARN_UNDECLARED_SELECTOR = YES;
				GCC_WARN_UNINITIALIZED_AUTOS = YES_AGGRESSIVE;
				GCC_WARN_UNUSED_FUNCTION = YES;
				GCC_WARN_UNUSED_VARIABLE = YES;
				IPHONEOS_DEPLOYMENT_TARGET = 16.2;
				MTL_ENABLE_DEBUG_INFO = INCLUDE_SOURCE;
				MTL_FAST_MATH = YES;
				ONLY_ACTIVE_ARCH = YES;
				SDKROOT = iphoneos;
				SWIFT_ACTIVE_COMPILATION_CONDITIONS = DEBUG;
				SWIFT_OPTIMIZATION_LEVEL = "-Onone";
			};
			name = Debug;
		};
		038630AF2A1C1825004BD44F /* Release */ = {
			isa = XCBuildConfiguration;
			buildSettings = {
				ALWAYS_SEARCH_USER_PATHS = NO;
				CLANG_ANALYZER_NONNULL = YES;
				CLANG_ANALYZER_NUMBER_OBJECT_CONVERSION = YES_AGGRESSIVE;
				CLANG_CXX_LANGUAGE_STANDARD = "gnu++20";
				CLANG_ENABLE_MODULES = YES;
				CLANG_ENABLE_OBJC_ARC = YES;
				CLANG_ENABLE_OBJC_WEAK = YES;
				CLANG_WARN_BLOCK_CAPTURE_AUTORELEASING = YES;
				CLANG_WARN_BOOL_CONVERSION = YES;
				CLANG_WARN_COMMA = YES;
				CLANG_WARN_CONSTANT_CONVERSION = YES;
				CLANG_WARN_DEPRECATED_OBJC_IMPLEMENTATIONS = YES;
				CLANG_WARN_DIRECT_OBJC_ISA_USAGE = YES_ERROR;
				CLANG_WARN_DOCUMENTATION_COMMENTS = YES;
				CLANG_WARN_EMPTY_BODY = YES;
				CLANG_WARN_ENUM_CONVERSION = YES;
				CLANG_WARN_INFINITE_RECURSION = YES;
				CLANG_WARN_INT_CONVERSION = YES;
				CLANG_WARN_NON_LITERAL_NULL_CONVERSION = YES;
				CLANG_WARN_OBJC_IMPLICIT_RETAIN_SELF = YES;
				CLANG_WARN_OBJC_LITERAL_CONVERSION = YES;
				CLANG_WARN_OBJC_ROOT_CLASS = YES_ERROR;
				CLANG_WARN_QUOTED_INCLUDE_IN_FRAMEWORK_HEADER = YES;
				CLANG_WARN_RANGE_LOOP_ANALYSIS = YES;
				CLANG_WARN_STRICT_PROTOTYPES = YES;
				CLANG_WARN_SUSPICIOUS_MOVE = YES;
				CLANG_WARN_UNGUARDED_AVAILABILITY = YES_AGGRESSIVE;
				CLANG_WARN_UNREACHABLE_CODE = YES;
				CLANG_WARN__DUPLICATE_METHOD_MATCH = YES;
				COPY_PHASE_STRIP = NO;
				DEBUG_INFORMATION_FORMAT = "dwarf-with-dsym";
				ENABLE_NS_ASSERTIONS = NO;
				ENABLE_STRICT_OBJC_MSGSEND = YES;
				GCC_C_LANGUAGE_STANDARD = gnu11;
				GCC_NO_COMMON_BLOCKS = YES;
				GCC_WARN_64_TO_32_BIT_CONVERSION = YES;
				GCC_WARN_ABOUT_RETURN_TYPE = YES_ERROR;
				GCC_WARN_UNDECLARED_SELECTOR = YES;
				GCC_WARN_UNINITIALIZED_AUTOS = YES_AGGRESSIVE;
				GCC_WARN_UNUSED_FUNCTION = YES;
				GCC_WARN_UNUSED_VARIABLE = YES;
				IPHONEOS_DEPLOYMENT_TARGET = 16.2;
				MTL_ENABLE_DEBUG_INFO = NO;
				MTL_FAST_MATH = YES;
				SDKROOT = iphoneos;
				SWIFT_COMPILATION_MODE = wholemodule;
				SWIFT_OPTIMIZATION_LEVEL = "-O";
				VALIDATE_PRODUCT = YES;
			};
			name = Release;
		};
		038630B12A1C1825004BD44F /* Debug */ = {
			isa = XCBuildConfiguration;
			buildSettings = {
				ASSETCATALOG_COMPILER_APPICON_NAME = AppIcon;
				ASSETCATALOG_COMPILER_GLOBAL_ACCENT_COLOR_NAME = AccentColor;
				CODE_SIGN_STYLE = Automatic;
				CURRENT_PROJECT_VERSION = 1;
				DEVELOPMENT_ASSET_PATHS = "\"RepairMate_custLogin/Preview Content\"";
				DEVELOPMENT_TEAM = ANC282DG2M;
				ENABLE_PREVIEWS = YES;
				GENERATE_INFOPLIST_FILE = YES;
				INFOPLIST_FILE = "RepairMate-custLogin-Info.plist";
				INFOPLIST_KEY_UIApplicationSupportsIndirectInputEvents = YES;
				INFOPLIST_KEY_UILaunchScreen_Generation = YES;
				INFOPLIST_KEY_UISupportedInterfaceOrientations_iPad = "UIInterfaceOrientationPortrait UIInterfaceOrientationPortraitUpsideDown UIInterfaceOrientationLandscapeLeft UIInterfaceOrientationLandscapeRight";
				INFOPLIST_KEY_UISupportedInterfaceOrientations_iPhone = "UIInterfaceOrientationPortrait UIInterfaceOrientationLandscapeLeft UIInterfaceOrientationLandscapeRight";
				IPHONEOS_DEPLOYMENT_TARGET = 16.1;
				LD_RUNPATH_SEARCH_PATHS = (
					"$(inherited)",
					"@executable_path/Frameworks",
				);
				MARKETING_VERSION = 1.0;
				PRODUCT_BUNDLE_IDENTIFIER = "com.arjun.RepairMate-custLogin";
				PRODUCT_NAME = "$(TARGET_NAME)";
				SWIFT_EMIT_LOC_STRINGS = YES;
				SWIFT_VERSION = 5.0;
				TARGETED_DEVICE_FAMILY = "1,2";
			};
			name = Debug;
		};
		038630B22A1C1825004BD44F /* Release */ = {
			isa = XCBuildConfiguration;
			buildSettings = {
				ASSETCATALOG_COMPILER_APPICON_NAME = AppIcon;
				ASSETCATALOG_COMPILER_GLOBAL_ACCENT_COLOR_NAME = AccentColor;
				CODE_SIGN_STYLE = Automatic;
				CURRENT_PROJECT_VERSION = 1;
				DEVELOPMENT_ASSET_PATHS = "\"RepairMate_custLogin/Preview Content\"";
				DEVELOPMENT_TEAM = ANC282DG2M;
				ENABLE_PREVIEWS = YES;
				GENERATE_INFOPLIST_FILE = YES;
				INFOPLIST_FILE = "RepairMate-custLogin-Info.plist";
				INFOPLIST_KEY_UIApplicationSupportsIndirectInputEvents = YES;
				INFOPLIST_KEY_UILaunchScreen_Generation = YES;
				INFOPLIST_KEY_UISupportedInterfaceOrientations_iPad = "UIInterfaceOrientationPortrait UIInterfaceOrientationPortraitUpsideDown UIInterfaceOrientationLandscapeLeft UIInterfaceOrientationLandscapeRight";
				INFOPLIST_KEY_UISupportedInterfaceOrientations_iPhone = "UIInterfaceOrientationPortrait UIInterfaceOrientationLandscapeLeft UIInterfaceOrientationLandscapeRight";
				IPHONEOS_DEPLOYMENT_TARGET = 16.1;
				LD_RUNPATH_SEARCH_PATHS = (
					"$(inherited)",
					"@executable_path/Frameworks",
				);
				MARKETING_VERSION = 1.0;
				PRODUCT_BUNDLE_IDENTIFIER = "com.arjun.RepairMate-custLogin";
				PRODUCT_NAME = "$(TARGET_NAME)";
				SWIFT_EMIT_LOC_STRINGS = YES;
				SWIFT_VERSION = 5.0;
				TARGETED_DEVICE_FAMILY = "1,2";
			};
			name = Release;
		};
/* End XCBuildConfiguration section */

/* Begin XCConfigurationList section */
		0386309D2A1C1824004BD44F /* Build configuration list for PBXProject "RepairMate_custLogin" */ = {
			isa = XCConfigurationList;
			buildConfigurations = (
				038630AE2A1C1825004BD44F /* Debug */,
				038630AF2A1C1825004BD44F /* Release */,
			);
			defaultConfigurationIsVisible = 0;
			defaultConfigurationName = Release;
		};
		038630B02A1C1825004BD44F /* Build configuration list for PBXNativeTarget "RepairMate_custLogin" */ = {
			isa = XCConfigurationList;
			buildConfigurations = (
				038630B12A1C1825004BD44F /* Debug */,
				038630B22A1C1825004BD44F /* Release */,
			);
			defaultConfigurationIsVisible = 0;
			defaultConfigurationName = Release;
		};
/* End XCConfigurationList section */

/* Begin XCRemoteSwiftPackageReference section */
		038630C22A1D7F10004BD44F /* XCRemoteSwiftPackageReference "firebase-ios-sdk" */ = {
			isa = XCRemoteSwiftPackageReference;
			repositoryURL = "https://github.com/firebase/firebase-ios-sdk";
			requirement = {
				branch = master;
				kind = branch;
			};
		};
/* End XCRemoteSwiftPackageReference section */

/* Begin XCSwiftPackageProductDependency section */
		038630C32A1D7F10004BD44F /* FirebaseAuth */ = {
			isa = XCSwiftPackageProductDependency;
			package = 038630C22A1D7F10004BD44F /* XCRemoteSwiftPackageReference "firebase-ios-sdk" */;
			productName = FirebaseAuth;
		};
		038630C52A1D7F10004BD44F /* FirebaseFirestore */ = {
			isa = XCSwiftPackageProductDependency;
			package = 038630C22A1D7F10004BD44F /* XCRemoteSwiftPackageReference "firebase-ios-sdk" */;
			productName = FirebaseFirestore;
		};
/* End XCSwiftPackageProductDependency section */
	};
	rootObject = 0386309A2A1C1824004BD44F /* Project object */;
}
